
Microsoft Visual Studio Solution File, Format Version 12.00
# Visual Studio Version 17
VisualStudioVersion = 17.1.32421.90
MinimumVisualStudioVersion = 10.0.40219.1
Project("{FAE04EC0-301F-11D3-BF4B-00C04F79EFBC}") = "JoeAndBob", "JoeAndBob\JoeAndBob.csproj", "{2D659CE8-2A6E-499E-963E-1795118C3221}"
EndProject
Global
	GlobalSection(SolutionConfigurationPlatforms) = preSolution
		Debug|Any CPU = Debug|Any CPU
		Release|Any CPU = Release|Any CPU
	EndGlobalSection
	GlobalSection(ProjectConfigurationPlatforms) = postSolution
		{2D659CE8-2A6E-499E-963E-1795118C3221}.Debug|Any CPU.ActiveCfg = Debug|Any CPU
		{2D659CE8-2A6E-499E-963E-1795118C3221}.Debug|Any CPU.Build.0 = Debug|Any CPU
		{2D659CE8-2A6E-499E-963E-1795118C3221}.Release|Any CPU.ActiveCfg = Release|Any CPU
		{2D659CE8-2A6E-499E-963E-1795118C3221}.Release|Any CPU.Build.0 = Release|Any CPU
	EndGlobalSection
	GlobalSection(SolutionProperties) = preSolution
		HideSolutionNode = FALSE
	EndGlobalSection
	GlobalSection(ExtensibilityGlobals) = postSolution
		SolutionGuid = {D280077C-0AF2-490C-9572-24CB9B04985C}
	EndGlobalSection
EndGlobal
